
Microsoft Visual Studio Solution File, Format Version 12.00
# Visual Studio Version 17
VisualStudioVersion = 17.10.35027.167
MinimumVisualStudioVersion = 10.0.40219.1
Project("{8BC9CEB8-8B4A-11D0-8D11-00A0C91BC942}") = "P1057", "luogupractice\luogupractice.vcxproj", "{B364EBE5-1237-4817-AC05-D1277C8DA0C6}"
EndProject
Project("{8BC9CEB8-8B4A-11D0-8D11-00A0C91BC942}") = "P1045", "P1045\P1045.vcxproj", "{49772457-BE2F-48FE-9869-20354501FB71}"
EndProject
Project("{8BC9CEB8-8B4A-11D0-8D11-00A0C91BC942}") = "P1061", "P1061\P1061.vcxproj", "{8CE0AB54-68A3-4493-9EA4-1550FF5DFF55}"
EndProject
Project("{8BC9CEB8-8B4A-11D0-8D11-00A0C91BC942}") = "ConsoleApplication1", "ConsoleApplication1\ConsoleApplication1.vcxproj", "{69ECB5E7-DC39-44DE-9E33-DB536B8FDD4D}"
EndProject
Project("{8BC9CEB8-8B4A-11D0-8D11-00A0C91BC942}") = "P1022", "P1022\P1022.vcxproj", "{E4B086FB-FBA1-43ED-8207-6F90DD2DA6EB}"
EndProject
Project("{8BC9CEB8-8B4A-11D0-8D11-00A0C91BC942}") = "P1076", "P1076\P1076.vcxproj", "{39C1AF3F-0747-4CE7-B12F-D49BBFBBAC30}"
EndProject
Project("{8BC9CEB8-8B4A-11D0-8D11-00A0C91BC942}") = "P1077", "P1077\P1077.vcxproj", "{A46472AE-7FA1-4185-9C58-DF02570F7B36}"
EndProject
Project("{8BC9CEB8-8B4A-11D0-8D11-00A0C91BC942}") = "P1096", "P1096\P1096.vcxproj", "{3C087E0C-93C6-40D1-979E-A5D7BFEE673D}"
EndProject
Project("{8BC9CEB8-8B4A-11D0-8D11-00A0C91BC942}") = "P1002", "P1002\P1002.vcxproj", "{4426203E-CADE-4752-87DD-92302C8F4A90}"
EndProject
Project("{8BC9CEB8-8B4A-11D0-8D11-00A0C91BC942}") = "P1058", "P1058\P1058.vcxproj", "{8A296F75-CFE5-4321-AD4F-567BDBFE3079}"
EndProject
Project("{8BC9CEB8-8B4A-11D0-8D11-00A0C91BC942}") = "P1199", "P1199\P1199.vcxproj", "{C6CCCE94-15BD-4C10-A2E8-0277FD81A474}"
EndProject
Global
	GlobalSection(SolutionConfigurationPlatforms) = preSolution
		Debug|ARM = Debug|ARM
		Debug|ARM64 = Debug|ARM64
		Debug|x64 = Debug|x64
		Debug|x86 = Debug|x86
		Release|ARM = Release|ARM
		Release|ARM64 = Release|ARM64
		Release|x64 = Release|x64
		Release|x86 = Release|x86
	EndGlobalSection
	GlobalSection(ProjectConfigurationPlatforms) = postSolution
		{B364EBE5-1237-4817-AC05-D1277C8DA0C6}.Debug|ARM.ActiveCfg = Debug|ARM
		{B364EBE5-1237-4817-AC05-D1277C8DA0C6}.Debug|ARM.Build.0 = Debug|ARM
		{B364EBE5-1237-4817-AC05-D1277C8DA0C6}.Debug|ARM.Deploy.0 = Debug|ARM
		{B364EBE5-1237-4817-AC05-D1277C8DA0C6}.Debug|ARM64.ActiveCfg = Debug|ARM64
		{B364EBE5-1237-4817-AC05-D1277C8DA0C6}.Debug|ARM64.Build.0 = Debug|ARM64
		{B364EBE5-1237-4817-AC05-D1277C8DA0C6}.Debug|ARM64.Deploy.0 = Debug|ARM64
		{B364EBE5-1237-4817-AC05-D1277C8DA0C6}.Debug|x64.ActiveCfg = Debug|x64
		{B364EBE5-1237-4817-AC05-D1277C8DA0C6}.Debug|x64.Build.0 = Debug|x64
		{B364EBE5-1237-4817-AC05-D1277C8DA0C6}.Debug|x64.Deploy.0 = Debug|x64
		{B364EBE5-1237-4817-AC05-D1277C8DA0C6}.Debug|x86.ActiveCfg = Debug|x86
		{B364EBE5-1237-4817-AC05-D1277C8DA0C6}.Debug|x86.Build.0 = Debug|x86
		{B364EBE5-1237-4817-AC05-D1277C8DA0C6}.Debug|x86.Deploy.0 = Debug|x86
		{B364EBE5-1237-4817-AC05-D1277C8DA0C6}.Release|ARM.ActiveCfg = Release|ARM
		{B364EBE5-1237-4817-AC05-D1277C8DA0C6}.Release|ARM.Build.0 = Release|ARM
		{B364EBE5-1237-4817-AC05-D1277C8DA0C6}.Release|ARM.Deploy.0 = Release|ARM
		{B364EBE5-1237-4817-AC05-D1277C8DA0C6}.Release|ARM64.ActiveCfg = Release|ARM64
		{B364EBE5-1237-4817-AC05-D1277C8DA0C6}.Release|ARM64.Build.0 = Release|ARM64
		{B364EBE5-1237-4817-AC05-D1277C8DA0C6}.Release|ARM64.Deploy.0 = Release|ARM64
		{B364EBE5-1237-4817-AC05-D1277C8DA0C6}.Release|x64.ActiveCfg = Release|x64
		{B364EBE5-1237-4817-AC05-D1277C8DA0C6}.Release|x64.Build.0 = Release|x64
		{B364EBE5-1237-4817-AC05-D1277C8DA0C6}.Release|x64.Deploy.0 = Release|x64
		{B364EBE5-1237-4817-AC05-D1277C8DA0C6}.Release|x86.ActiveCfg = Release|x86
		{B364EBE5-1237-4817-AC05-D1277C8DA0C6}.Release|x86.Build.0 = Release|x86
		{B364EBE5-1237-4817-AC05-D1277C8DA0C6}.Release|x86.Deploy.0 = Release|x86
		{49772457-BE2F-48FE-9869-20354501FB71}.Debug|ARM.ActiveCfg = Debug|ARM
		{49772457-BE2F-48FE-9869-20354501FB71}.Debug|ARM.Build.0 = Debug|ARM
		{49772457-BE2F-48FE-9869-20354501FB71}.Debug|ARM.Deploy.0 = Debug|ARM
		{49772457-BE2F-48FE-9869-20354501FB71}.Debug|ARM64.ActiveCfg = Debug|ARM64
		{49772457-BE2F-48FE-9869-20354501FB71}.Debug|ARM64.Build.0 = Debug|ARM64
		{49772457-BE2F-48FE-9869-20354501FB71}.Debug|ARM64.Deploy.0 = Debug|ARM64
		{49772457-BE2F-48FE-9869-20354501FB71}.Debug|x64.ActiveCfg = Debug|x64
		{49772457-BE2F-48FE-9869-20354501FB71}.Debug|x64.Build.0 = Debug|x64
		{49772457-BE2F-48FE-9869-20354501FB71}.Debug|x64.Deploy.0 = Debug|x64
		{49772457-BE2F-48FE-9869-20354501FB71}.Debug|x86.ActiveCfg = Debug|x86
		{49772457-BE2F-48FE-9869-20354501FB71}.Debug|x86.Build.0 = Debug|x86
		{49772457-BE2F-48FE-9869-20354501FB71}.Debug|x86.Deploy.0 = Debug|x86
		{49772457-BE2F-48FE-9869-20354501FB71}.Release|ARM.ActiveCfg = Release|ARM
		{49772457-BE2F-48FE-9869-20354501FB71}.Release|ARM.Build.0 = Release|ARM
		{49772457-BE2F-48FE-9869-20354501FB71}.Release|ARM.Deploy.0 = Release|ARM
		{49772457-BE2F-48FE-9869-20354501FB71}.Release|ARM64.ActiveCfg = Release|ARM64
		{49772457-BE2F-48FE-9869-20354501FB71}.Release|ARM64.Build.0 = Release|ARM64
		{49772457-BE2F-48FE-9869-20354501FB71}.Release|ARM64.Deploy.0 = Release|ARM64
		{49772457-BE2F-48FE-9869-20354501FB71}.Release|x64.ActiveCfg = Release|x64
		{49772457-BE2F-48FE-9869-20354501FB71}.Release|x64.Build.0 = Release|x64
		{49772457-BE2F-48FE-9869-20354501FB71}.Release|x64.Deploy.0 = Release|x64
		{49772457-BE2F-48FE-9869-20354501FB71}.Release|x86.ActiveCfg = Release|x86
		{49772457-BE2F-48FE-9869-20354501FB71}.Release|x86.Build.0 = Release|x86
		{49772457-BE2F-48FE-9869-20354501FB71}.Release|x86.Deploy.0 = Release|x86
		{8CE0AB54-68A3-4493-9EA4-1550FF5DFF55}.Debug|ARM.ActiveCfg = Debug|ARM
		{8CE0AB54-68A3-4493-9EA4-1550FF5DFF55}.Debug|ARM.Build.0 = Debug|ARM
		{8CE0AB54-68A3-4493-9EA4-1550FF5DFF55}.Debug|ARM.Deploy.0 = Debug|ARM
		{8CE0AB54-68A3-4493-9EA4-1550FF5DFF55}.Debug|ARM64.ActiveCfg = Debug|ARM64
		{8CE0AB54-68A3-4493-9EA4-1550FF5DFF55}.Debug|ARM64.Build.0 = Debug|ARM64
		{8CE0AB54-68A3-4493-9EA4-1550FF5DFF55}.Debug|ARM64.Deploy.0 = Debug|ARM64
		{8CE0AB54-68A3-4493-9EA4-1550FF5DFF55}.Debug|x64.ActiveCfg = Debug|x64
		{8CE0AB54-68A3-4493-9EA4-1550FF5DFF55}.Debug|x64.Build.0 = Debug|x64
		{8CE0AB54-68A3-4493-9EA4-1550FF5DFF55}.Debug|x64.Deploy.0 = Debug|x64
		{8CE0AB54-68A3-4493-9EA4-1550FF5DFF55}.Debug|x86.ActiveCfg = Debug|x86
		{8CE0AB54-68A3-4493-9EA4-1550FF5DFF55}.Debug|x86.Build.0 = Debug|x86
		{8CE0AB54-68A3-4493-9EA4-1550FF5DFF55}.Debug|x86.Deploy.0 = Debug|x86
		{8CE0AB54-68A3-4493-9EA4-1550FF5DFF55}.Release|ARM.ActiveCfg = Release|ARM
		{8CE0AB54-68A3-4493-9EA4-1550FF5DFF55}.Release|ARM.Build.0 = Release|ARM
		{8CE0AB54-68A3-4493-9EA4-1550FF5DFF55}.Release|ARM.Deploy.0 = Release|ARM
		{8CE0AB54-68A3-4493-9EA4-1550FF5DFF55}.Release|ARM64.ActiveCfg = Release|ARM64
		{8CE0AB54-68A3-4493-9EA4-1550FF5DFF55}.Release|ARM64.Build.0 = Release|ARM64
		{8CE0AB54-68A3-4493-9EA4-1550FF5DFF55}.Release|ARM64.Deploy.0 = Release|ARM64
		{8CE0AB54-68A3-4493-9EA4-1550FF5DFF55}.Release|x64.ActiveCfg = Release|x64
		{8CE0AB54-68A3-4493-9EA4-1550FF5DFF55}.Release|x64.Build.0 = Release|x64
		{8CE0AB54-68A3-4493-9EA4-1550FF5DFF55}.Release|x64.Deploy.0 = Release|x64
		{8CE0AB54-68A3-4493-9EA4-1550FF5DFF55}.Release|x86.ActiveCfg = Release|x86
		{8CE0AB54-68A3-4493-9EA4-1550FF5DFF55}.Release|x86.Build.0 = Release|x86
		{8CE0AB54-68A3-4493-9EA4-1550FF5DFF55}.Release|x86.Deploy.0 = Release|x86
		{69ECB5E7-DC39-44DE-9E33-DB536B8FDD4D}.Debug|ARM.ActiveCfg = Debug|ARM
		{69ECB5E7-DC39-44DE-9E33-DB536B8FDD4D}.Debug|ARM.Build.0 = Debug|ARM
		{69ECB5E7-DC39-44DE-9E33-DB536B8FDD4D}.Debug|ARM.Deploy.0 = Debug|ARM
		{69ECB5E7-DC39-44DE-9E33-DB536B8FDD4D}.Debug|ARM64.ActiveCfg = Debug|ARM64
		{69ECB5E7-DC39-44DE-9E33-DB536B8FDD4D}.Debug|ARM64.Build.0 = Debug|ARM64
		{69ECB5E7-DC39-44DE-9E33-DB536B8FDD4D}.Debug|ARM64.Deploy.0 = Debug|ARM64
		{69ECB5E7-DC39-44DE-9E33-DB536B8FDD4D}.Debug|x64.ActiveCfg = Debug|x64
		{69ECB5E7-DC39-44DE-9E33-DB536B8FDD4D}.Debug|x64.Build.0 = Debug|x64
		{69ECB5E7-DC39-44DE-9E33-DB536B8FDD4D}.Debug|x64.Deploy.0 = Debug|x64
		{69ECB5E7-DC39-44DE-9E33-DB536B8FDD4D}.Debug|x86.ActiveCfg = Debug|x86
		{69ECB5E7-DC39-44DE-9E33-DB536B8FDD4D}.Debug|x86.Build.0 = Debug|x86
		{69ECB5E7-DC39-44DE-9E33-DB536B8FDD4D}.Debug|x86.Deploy.0 = Debug|x86
		{69ECB5E7-DC39-44DE-9E33-DB536B8FDD4D}.Release|ARM.ActiveCfg = Release|ARM
		{69ECB5E7-DC39-44DE-9E33-DB536B8FDD4D}.Release|ARM.Build.0 = Release|ARM
		{69ECB5E7-DC39-44DE-9E33-DB536B8FDD4D}.Release|ARM.Deploy.0 = Release|ARM
		{69ECB5E7-DC39-44DE-9E33-DB536B8FDD4D}.Release|ARM64.ActiveCfg = Release|ARM64
		{69ECB5E7-DC39-44DE-9E33-DB536B8FDD4D}.Release|ARM64.Build.0 = Release|ARM64
		{69ECB5E7-DC39-44DE-9E33-DB536B8FDD4D}.Release|ARM64.Deploy.0 = Release|ARM64
		{69ECB5E7-DC39-44DE-9E33-DB536B8FDD4D}.Release|x64.ActiveCfg = Release|x64
		{69ECB5E7-DC39-44DE-9E33-DB536B8FDD4D}.Release|x64.Build.0 = Release|x64
		{69ECB5E7-DC39-44DE-9E33-DB536B8FDD4D}.Release|x64.Deploy.0 = Release|x64
		{69ECB5E7-DC39-44DE-9E33-DB536B8FDD4D}.Release|x86.ActiveCfg = Release|x86
		{69ECB5E7-DC39-44DE-9E33-DB536B8FDD4D}.Release|x86.Build.0 = Release|x86
		{69ECB5E7-DC39-44DE-9E33-DB536B8FDD4D}.Release|x86.Deploy.0 = Release|x86
		{E4B086FB-FBA1-43ED-8207-6F90DD2DA6EB}.Debug|ARM.ActiveCfg = Debug|ARM
		{E4B086FB-FBA1-43ED-8207-6F90DD2DA6EB}.Debug|ARM.Build.0 = Debug|ARM
		{E4B086FB-FBA1-43ED-8207-6F90DD2DA6EB}.Debug|ARM.Deploy.0 = Debug|ARM
		{E4B086FB-FBA1-43ED-8207-6F90DD2DA6EB}.Debug|ARM64.ActiveCfg = Debug|ARM64
		{E4B086FB-FBA1-43ED-8207-6F90DD2DA6EB}.Debug|ARM64.Build.0 = Debug|ARM64
		{E4B086FB-FBA1-43ED-8207-6F90DD2DA6EB}.Debug|ARM64.Deploy.0 = Debug|ARM64
		{E4B086FB-FBA1-43ED-8207-6F90DD2DA6EB}.Debug|x64.ActiveCfg = Debug|x64
		{E4B086FB-FBA1-43ED-8207-6F90DD2DA6EB}.Debug|x64.Build.0 = Debug|x64
		{E4B086FB-FBA1-43ED-8207-6F90DD2DA6EB}.Debug|x64.Deploy.0 = Debug|x64
		{E4B086FB-FBA1-43ED-8207-6F90DD2DA6EB}.Debug|x86.ActiveCfg = Debug|x86
		{E4B086FB-FBA1-43ED-8207-6F90DD2DA6EB}.Debug|x86.Build.0 = Debug|x86
		{E4B086FB-FBA1-43ED-8207-6F90DD2DA6EB}.Debug|x86.Deploy.0 = Debug|x86
		{E4B086FB-FBA1-43ED-8207-6F90DD2DA6EB}.Release|ARM.ActiveCfg = Release|ARM
		{E4B086FB-FBA1-43ED-8207-6F90DD2DA6EB}.Release|ARM.Build.0 = Release|ARM
		{E4B086FB-FBA1-43ED-8207-6F90DD2DA6EB}.Release|ARM.Deploy.0 = Release|ARM
		{E4B086FB-FBA1-43ED-8207-6F90DD2DA6EB}.Release|ARM64.ActiveCfg = Release|ARM64
		{E4B086FB-FBA1-43ED-8207-6F90DD2DA6EB}.Release|ARM64.Build.0 = Release|ARM64
		{E4B086FB-FBA1-43ED-8207-6F90DD2DA6EB}.Release|ARM64.Deploy.0 = Release|ARM64
		{E4B086FB-FBA1-43ED-8207-6F90DD2DA6EB}.Release|x64.ActiveCfg = Release|x64
		{E4B086FB-FBA1-43ED-8207-6F90DD2DA6EB}.Release|x64.Build.0 = Release|x64
		{E4B086FB-FBA1-43ED-8207-6F90DD2DA6EB}.Release|x64.Deploy.0 = Release|x64
		{E4B086FB-FBA1-43ED-8207-6F90DD2DA6EB}.Release|x86.ActiveCfg = Release|x86
		{E4B086FB-FBA1-43ED-8207-6F90DD2DA6EB}.Release|x86.Build.0 = Release|x86
		{E4B086FB-FBA1-43ED-8207-6F90DD2DA6EB}.Release|x86.Deploy.0 = Release|x86
		{39C1AF3F-0747-4CE7-B12F-D49BBFBBAC30}.Debug|ARM.ActiveCfg = Debug|ARM
		{39C1AF3F-0747-4CE7-B12F-D49BBFBBAC30}.Debug|ARM.Build.0 = Debug|ARM
		{39C1AF3F-0747-4CE7-B12F-D49BBFBBAC30}.Debug|ARM.Deploy.0 = Debug|ARM
		{39C1AF3F-0747-4CE7-B12F-D49BBFBBAC30}.Debug|ARM64.ActiveCfg = Debug|ARM64
		{39C1AF3F-0747-4CE7-B12F-D49BBFBBAC30}.Debug|ARM64.Build.0 = Debug|ARM64
		{39C1AF3F-0747-4CE7-B12F-D49BBFBBAC30}.Debug|ARM64.Deploy.0 = Debug|ARM64
		{39C1AF3F-0747-4CE7-B12F-D49BBFBBAC30}.Debug|x64.ActiveCfg = Debug|x64
		{39C1AF3F-0747-4CE7-B12F-D49BBFBBAC30}.Debug|x64.Build.0 = Debug|x64
		{39C1AF3F-0747-4CE7-B12F-D49BBFBBAC30}.Debug|x64.Deploy.0 = Debug|x64
		{39C1AF3F-0747-4CE7-B12F-D49BBFBBAC30}.Debug|x86.ActiveCfg = Debug|x86
		{39C1AF3F-0747-4CE7-B12F-D49BBFBBAC30}.Debug|x86.Build.0 = Debug|x86
		{39C1AF3F-0747-4CE7-B12F-D49BBFBBAC30}.Debug|x86.Deploy.0 = Debug|x86
		{39C1AF3F-0747-4CE7-B12F-D49BBFBBAC30}.Release|ARM.ActiveCfg = Release|ARM
		{39C1AF3F-0747-4CE7-B12F-D49BBFBBAC30}.Release|ARM.Build.0 = Release|ARM
		{39C1AF3F-0747-4CE7-B12F-D49BBFBBAC30}.Release|ARM.Deploy.0 = Release|ARM
		{39C1AF3F-0747-4CE7-B12F-D49BBFBBAC30}.Release|ARM64.ActiveCfg = Release|ARM64
		{39C1AF3F-0747-4CE7-B12F-D49BBFBBAC30}.Release|ARM64.Build.0 = Release|ARM64
		{39C1AF3F-0747-4CE7-B12F-D49BBFBBAC30}.Release|ARM64.Deploy.0 = Release|ARM64
		{39C1AF3F-0747-4CE7-B12F-D49BBFBBAC30}.Release|x64.ActiveCfg = Release|x64
		{39C1AF3F-0747-4CE7-B12F-D49BBFBBAC30}.Release|x64.Build.0 = Release|x64
		{39C1AF3F-0747-4CE7-B12F-D49BBFBBAC30}.Release|x64.Deploy.0 = Release|x64
		{39C1AF3F-0747-4CE7-B12F-D49BBFBBAC30}.Release|x86.ActiveCfg = Release|x86
		{39C1AF3F-0747-4CE7-B12F-D49BBFBBAC30}.Release|x86.Build.0 = Release|x86
		{39C1AF3F-0747-4CE7-B12F-D49BBFBBAC30}.Release|x86.Deploy.0 = Release|x86
		{A46472AE-7FA1-4185-9C58-DF02570F7B36}.Debug|ARM.ActiveCfg = Debug|ARM
		{A46472AE-7FA1-4185-9C58-DF02570F7B36}.Debug|ARM.Build.0 = Debug|ARM
		{A46472AE-7FA1-4185-9C58-DF02570F7B36}.Debug|ARM.Deploy.0 = Debug|ARM
		{A46472AE-7FA1-4185-9C58-DF02570F7B36}.Debug|ARM64.ActiveCfg = Debug|ARM64
		{A46472AE-7FA1-4185-9C58-DF02570F7B36}.Debug|ARM64.Build.0 = Debug|ARM64
		{A46472AE-7FA1-4185-9C58-DF02570F7B36}.Debug|ARM64.Deploy.0 = Debug|ARM64
		{A46472AE-7FA1-4185-9C58-DF02570F7B36}.Debug|x64.ActiveCfg = Debug|x64
		{A46472AE-7FA1-4185-9C58-DF02570F7B36}.Debug|x64.Build.0 = Debug|x64
		{A46472AE-7FA1-4185-9C58-DF02570F7B36}.Debug|x64.Deploy.0 = Debug|x64
		{A46472AE-7FA1-4185-9C58-DF02570F7B36}.Debug|x86.ActiveCfg = Debug|x86
		{A46472AE-7FA1-4185-9C58-DF02570F7B36}.Debug|x86.Build.0 = Debug|x86
		{A46472AE-7FA1-4185-9C58-DF02570F7B36}.Debug|x86.Deploy.0 = Debug|x86
		{A46472AE-7FA1-4185-9C58-DF02570F7B36}.Release|ARM.ActiveCfg = Release|ARM
		{A46472AE-7FA1-4185-9C58-DF02570F7B36}.Release|ARM.Build.0 = Release|ARM
		{A46472AE-7FA1-4185-9C58-DF02570F7B36}.Release|ARM.Deploy.0 = Release|ARM
		{A46472AE-7FA1-4185-9C58-DF02570F7B36}.Release|ARM64.ActiveCfg = Release|ARM64
		{A46472AE-7FA1-4185-9C58-DF02570F7B36}.Release|ARM64.Build.0 = Release|ARM64
		{A46472AE-7FA1-4185-9C58-DF02570F7B36}.Release|ARM64.Deploy.0 = Release|ARM64
		{A46472AE-7FA1-4185-9C58-DF02570F7B36}.Release|x64.ActiveCfg = Release|x64
		{A46472AE-7FA1-4185-9C58-DF02570F7B36}.Release|x64.Build.0 = Release|x64
		{A46472AE-7FA1-4185-9C58-DF02570F7B36}.Release|x64.Deploy.0 = Release|x64
		{A46472AE-7FA1-4185-9C58-DF02570F7B36}.Release|x86.ActiveCfg = Release|x86
		{A46472AE-7FA1-4185-9C58-DF02570F7B36}.Release|x86.Build.0 = Release|x86
		{A46472AE-7FA1-4185-9C58-DF02570F7B36}.Release|x86.Deploy.0 = Release|x86
		{3C087E0C-93C6-40D1-979E-A5D7BFEE673D}.Debug|ARM.ActiveCfg = Debug|ARM
		{3C087E0C-93C6-40D1-979E-A5D7BFEE673D}.Debug|ARM.Build.0 = Debug|ARM
		{3C087E0C-93C6-40D1-979E-A5D7BFEE673D}.Debug|ARM.Deploy.0 = Debug|ARM
		{3C087E0C-93C6-40D1-979E-A5D7BFEE673D}.Debug|ARM64.ActiveCfg = Debug|ARM64
		{3C087E0C-93C6-40D1-979E-A5D7BFEE673D}.Debug|ARM64.Build.0 = Debug|ARM64
		{3C087E0C-93C6-40D1-979E-A5D7BFEE673D}.Debug|ARM64.Deploy.0 = Debug|ARM64
		{3C087E0C-93C6-40D1-979E-A5D7BFEE673D}.Debug|x64.ActiveCfg = Debug|x64
		{3C087E0C-93C6-40D1-979E-A5D7BFEE673D}.Debug|x64.Build.0 = Debug|x64
		{3C087E0C-93C6-40D1-979E-A5D7BFEE673D}.Debug|x64.Deploy.0 = Debug|x64
		{3C087E0C-93C6-40D1-979E-A5D7BFEE673D}.Debug|x86.ActiveCfg = Debug|x86
		{3C087E0C-93C6-40D1-979E-A5D7BFEE673D}.Debug|x86.Build.0 = Debug|x86
		{3C087E0C-93C6-40D1-979E-A5D7BFEE673D}.Debug|x86.Deploy.0 = Debug|x86
		{3C087E0C-93C6-40D1-979E-A5D7BFEE673D}.Release|ARM.ActiveCfg = Release|ARM
		{3C087E0C-93C6-40D1-979E-A5D7BFEE673D}.Release|ARM.Build.0 = Release|ARM
		{3C087E0C-93C6-40D1-979E-A5D7BFEE673D}.Release|ARM.Deploy.0 = Release|ARM
		{3C087E0C-93C6-40D1-979E-A5D7BFEE673D}.Release|ARM64.ActiveCfg = Release|ARM64
		{3C087E0C-93C6-40D1-979E-A5D7BFEE673D}.Release|ARM64.Build.0 = Release|ARM64
		{3C087E0C-93C6-40D1-979E-A5D7BFEE673D}.Release|ARM64.Deploy.0 = Release|ARM64
		{3C087E0C-93C6-40D1-979E-A5D7BFEE673D}.Release|x64.ActiveCfg = Release|x64
		{3C087E0C-93C6-40D1-979E-A5D7BFEE673D}.Release|x64.Build.0 = Release|x64
		{3C087E0C-93C6-40D1-979E-A5D7BFEE673D}.Release|x64.Deploy.0 = Release|x64
		{3C087E0C-93C6-40D1-979E-A5D7BFEE673D}.Release|x86.ActiveCfg = Release|x86
		{3C087E0C-93C6-40D1-979E-A5D7BFEE673D}.Release|x86.Build.0 = Release|x86
		{3C087E0C-93C6-40D1-979E-A5D7BFEE673D}.Release|x86.Deploy.0 = Release|x86
		{4426203E-CADE-4752-87DD-92302C8F4A90}.Debug|ARM.ActiveCfg = Debug|ARM
		{4426203E-CADE-4752-87DD-92302C8F4A90}.Debug|ARM.Build.0 = Debug|ARM
		{4426203E-CADE-4752-87DD-92302C8F4A90}.Debug|ARM.Deploy.0 = Debug|ARM
		{4426203E-CADE-4752-87DD-92302C8F4A90}.Debug|ARM64.ActiveCfg = Debug|ARM64
		{4426203E-CADE-4752-87DD-92302C8F4A90}.Debug|ARM64.Build.0 = Debug|ARM64
		{4426203E-CADE-4752-87DD-92302C8F4A90}.Debug|ARM64.Deploy.0 = Debug|ARM64
		{4426203E-CADE-4752-87DD-92302C8F4A90}.Debug|x64.ActiveCfg = Debug|x64
		{4426203E-CADE-4752-87DD-92302C8F4A90}.Debug|x64.Build.0 = Debug|x64
		{4426203E-CADE-4752-87DD-92302C8F4A90}.Debug|x64.Deploy.0 = Debug|x64
		{4426203E-CADE-4752-87DD-92302C8F4A90}.Debug|x86.ActiveCfg = Debug|x86
		{4426203E-CADE-4752-87DD-92302C8F4A90}.Debug|x86.Build.0 = Debug|x86
		{4426203E-CADE-4752-87DD-92302C8F4A90}.Debug|x86.Deploy.0 = Debug|x86
		{4426203E-CADE-4752-87DD-92302C8F4A90}.Release|ARM.ActiveCfg = Release|ARM
		{4426203E-CADE-4752-87DD-92302C8F4A90}.Release|ARM.Build.0 = Release|ARM
		{4426203E-CADE-4752-87DD-92302C8F4A90}.Release|ARM.Deploy.0 = Release|ARM
		{4426203E-CADE-4752-87DD-92302C8F4A90}.Release|ARM64.ActiveCfg = Release|ARM64
		{4426203E-CADE-4752-87DD-92302C8F4A90}.Release|ARM64.Build.0 = Release|ARM64
		{4426203E-CADE-4752-87DD-92302C8F4A90}.Release|ARM64.Deploy.0 = Release|ARM64
		{4426203E-CADE-4752-87DD-92302C8F4A90}.Release|x64.ActiveCfg = Release|x64
		{4426203E-CADE-4752-87DD-92302C8F4A90}.Release|x64.Build.0 = Release|x64
		{4426203E-CADE-4752-87DD-92302C8F4A90}.Release|x64.Deploy.0 = Release|x64
		{4426203E-CADE-4752-87DD-92302C8F4A90}.Release|x86.ActiveCfg = Release|x86
		{4426203E-CADE-4752-87DD-92302C8F4A90}.Release|x86.Build.0 = Release|x86
		{4426203E-CADE-4752-87DD-92302C8F4A90}.Release|x86.Deploy.0 = Release|x86
		{8A296F75-CFE5-4321-AD4F-567BDBFE3079}.Debug|ARM.ActiveCfg = Debug|ARM
		{8A296F75-CFE5-4321-AD4F-567BDBFE3079}.Debug|ARM.Build.0 = Debug|ARM
		{8A296F75-CFE5-4321-AD4F-567BDBFE3079}.Debug|ARM.Deploy.0 = Debug|ARM
		{8A296F75-CFE5-4321-AD4F-567BDBFE3079}.Debug|ARM64.ActiveCfg = Debug|ARM64
		{8A296F75-CFE5-4321-AD4F-567BDBFE3079}.Debug|ARM64.Build.0 = Debug|ARM64
		{8A296F75-CFE5-4321-AD4F-567BDBFE3079}.Debug|ARM64.Deploy.0 = Debug|ARM64
		{8A296F75-CFE5-4321-AD4F-567BDBFE3079}.Debug|x64.ActiveCfg = Debug|x64
		{8A296F75-CFE5-4321-AD4F-567BDBFE3079}.Debug|x64.Build.0 = Debug|x64
		{8A296F75-CFE5-4321-AD4F-567BDBFE3079}.Debug|x64.Deploy.0 = Debug|x64
		{8A296F75-CFE5-4321-AD4F-567BDBFE3079}.Debug|x86.ActiveCfg = Debug|x86
		{8A296F75-CFE5-4321-AD4F-567BDBFE3079}.Debug|x86.Build.0 = Debug|x86
		{8A296F75-CFE5-4321-AD4F-567BDBFE3079}.Debug|x86.Deploy.0 = Debug|x86
		{8A296F75-CFE5-4321-AD4F-567BDBFE3079}.Release|ARM.ActiveCfg = Release|ARM
		{8A296F75-CFE5-4321-AD4F-567BDBFE3079}.Release|ARM.Build.0 = Release|ARM
		{8A296F75-CFE5-4321-AD4F-567BDBFE3079}.Release|ARM.Deploy.0 = Release|ARM
		{8A296F75-CFE5-4321-AD4F-567BDBFE3079}.Release|ARM64.ActiveCfg = Release|ARM64
		{8A296F75-CFE5-4321-AD4F-567BDBFE3079}.Release|ARM64.Build.0 = Release|ARM64
		{8A296F75-CFE5-4321-AD4F-567BDBFE3079}.Release|ARM64.Deploy.0 = Release|ARM64
		{8A296F75-CFE5-4321-AD4F-567BDBFE3079}.Release|x64.ActiveCfg = Release|x64
		{8A296F75-CFE5-4321-AD4F-567BDBFE3079}.Release|x64.Build.0 = Release|x64
		{8A296F75-CFE5-4321-AD4F-567BDBFE3079}.Release|x64.Deploy.0 = Release|x64
		{8A296F75-CFE5-4321-AD4F-567BDBFE3079}.Release|x86.ActiveCfg = Release|x86
		{8A296F75-CFE5-4321-AD4F-567BDBFE3079}.Release|x86.Build.0 = Release|x86
		{8A296F75-CFE5-4321-AD4F-567BDBFE3079}.Release|x86.Deploy.0 = Release|x86
		{C6CCCE94-15BD-4C10-A2E8-0277FD81A474}.Debug|ARM.ActiveCfg = Debug|ARM
		{C6CCCE94-15BD-4C10-A2E8-0277FD81A474}.Debug|ARM.Build.0 = Debug|ARM
		{C6CCCE94-15BD-4C10-A2E8-0277FD81A474}.Debug|ARM.Deploy.0 = Debug|ARM
		{C6CCCE94-15BD-4C10-A2E8-0277FD81A474}.Debug|ARM64.ActiveCfg = Debug|ARM64
		{C6CCCE94-15BD-4C10-A2E8-0277FD81A474}.Debug|ARM64.Build.0 = Debug|ARM64
		{C6CCCE94-15BD-4C10-A2E8-0277FD81A474}.Debug|ARM64.Deploy.0 = Debug|ARM64
		{C6CCCE94-15BD-4C10-A2E8-0277FD81A474}.Debug|x64.ActiveCfg = Debug|x64
		{C6CCCE94-15BD-4C10-A2E8-0277FD81A474}.Debug|x64.Build.0 = Debug|x64
		{C6CCCE94-15BD-4C10-A2E8-0277FD81A474}.Debug|x64.Deploy.0 = Debug|x64
		{C6CCCE94-15BD-4C10-A2E8-0277FD81A474}.Debug|x86.ActiveCfg = Debug|x86
		{C6CCCE94-15BD-4C10-A2E8-0277FD81A474}.Debug|x86.Build.0 = Debug|x86
		{C6CCCE94-15BD-4C10-A2E8-0277FD81A474}.Debug|x86.Deploy.0 = Debug|x86
		{C6CCCE94-15BD-4C10-A2E8-0277FD81A474}.Release|ARM.ActiveCfg = Release|ARM
		{C6CCCE94-15BD-4C10-A2E8-0277FD81A474}.Release|ARM.Build.0 = Release|ARM
		{C6CCCE94-15BD-4C10-A2E8-0277FD81A474}.Release|ARM.Deploy.0 = Release|ARM
		{C6CCCE94-15BD-4C10-A2E8-0277FD81A474}.Release|ARM64.ActiveCfg = Release|ARM64
		{C6CCCE94-15BD-4C10-A2E8-0277FD81A474}.Release|ARM64.Build.0 = Release|ARM64
		{C6CCCE94-15BD-4C10-A2E8-0277FD81A474}.Release|ARM64.Deploy.0 = Release|ARM64
		{C6CCCE94-15BD-4C10-A2E8-0277FD81A474}.Release|x64.ActiveCfg = Release|x64
		{C6CCCE94-15BD-4C10-A2E8-0277FD81A474}.Release|x64.Build.0 = Release|x64
		{C6CCCE94-15BD-4C10-A2E8-0277FD81A474}.Release|x64.Deploy.0 = Release|x64
		{C6CCCE94-15BD-4C10-A2E8-0277FD81A474}.Release|x86.ActiveCfg = Release|x86
		{C6CCCE94-15BD-4C10-A2E8-0277FD81A474}.Release|x86.Build.0 = Release|x86
		{C6CCCE94-15BD-4C10-A2E8-0277FD81A474}.Release|x86.Deploy.0 = Release|x86
	EndGlobalSection
	GlobalSection(SolutionProperties) = preSolution
		HideSolutionNode = FALSE
	EndGlobalSection
	GlobalSection(ExtensibilityGlobals) = postSolution
		SolutionGuid = {ABA00161-B968-44E6-96C6-E53CEBED6A1C}
	EndGlobalSection
EndGlobal
